{
  "version": 4,
  "terraform_version": "0.13.3",
  "serial": 492,
  "lineage": "8f239fb3-4566-f603-3c5e-7b2b4add5367",
  "outputs": {
    "ips": {
      "value": [
        "192.168.122.100",
        "192.168.122.101",
        "192.168.122.102"
      ],
      "type": [
        "tuple",
        [
          "string",
          "string",
          "string"
        ]
      ]
    },
    "vm_details": {
      "value": [
        {
          "hostname": "master",
          "ip": "192.168.122.100",
          "name": "master"
        },
        {
          "hostname": "slave1",
          "ip": "192.168.122.101",
          "name": "slave1"
        },
        {
          "hostname": "slave2",
          "ip": "192.168.122.102",
          "name": "slave2"
        }
      ],
      "type": [
        "tuple",
        [
          [
            "object",
            {
              "hostname": "string",
              "ip": "string",
              "name": "string"
            }
          ],
          [
            "object",
            {
              "hostname": "string",
              "ip": "string",
              "name": "string"
            }
          ],
          [
            "object",
            {
              "hostname": "string",
              "ip": "string",
              "name": "string"
            }
          ]
        ]
      ]
    }
  },
  "resources": [
    {
      "mode": "managed",
      "type": "libvirt_cloudinit_disk",
      "name": "commoninit",
      "provider": "provider[\"registry.terraform.io/dmacvicar/libvirt\"]",
      "instances": [
        {
          "index_key": 0,
          "schema_version": 0,
          "attributes": {
            "id": "/home/ubuntu/kvm-remote-host/kvm/pool1/cloudinit-0.iso;67165689-30d3-4d48-6c28-edb8269c305e",
            "meta_data": "",
            "name": "cloudinit-0.iso",
            "network_config": "",
            "pool": "pool1",
            "user_data": "#cloud-config\nhostname: master\nssh_pwauth: True\ndisable_root: false\nusers:\n  - name: ubuntu\n    sudo: ALL=(ALL) NOPASSWD:ALL\n    groups: users, admin\n    home: /home/ubuntu\n    shell: /bin/bash\n    lock_passwd: false\n    ssh-authorized-keys:\n      - ssh-rsa AAAAB3NzaC1yc2EAAAADAQABAAABgQDiAZBPtrw/NXlGp8TEALX4LY/b8wHEz2+UIG9BVeAwuP7shefNtaD7xN/W+v37bAj3A/8Orl/WmXZ3Nnxe6eJnBcGXXcvS6QKe9PIW4VAZThm5x/C79GIW+GzqJHfds+knsuhRxTb42WwCsdQ497/8PyvAb8E7OvBw3dvVWsCNnmChVReOHyU2KE/zI4JPh9I737GHzk8aFi7vf7so/zMAUwJte2am0xswaLMmtyz4fE/+0+ZmCIEPllEf19rismkj5UN/tCR2rjkMUOsYA+6UzYTK6HUJqAuK4NiQJPunmMTDez7u8eZfaSFOjGzHk0L9/xC7P+TAPVrKNf/F1q5Bjn6MH8cOEmIqXkuStKvWNVkMd7pPoqiMlsBtBiUm4R7CNhOxbHPV81hWnI4s4yprIIAs8Jnx27W9MA9E7HLAzHcZ/QdA42pFEqF2vsTcTq+9cv5SN7yXw1yP/pkW/XXOVQ/O67LUiaJ/LVlzPz/dtZ+RuTWpujpbTBBEIYhY/LM= ubuntu@master\n\n\nnetwork:\n  version: 2\n  ethernets:\n    ens3:\n      dhcp4: false\n      optional: false\n      addresses:\n        - 192.168.122.100\n      gateway4: 192.168.122.1\n      nameservers:\n        addresses: [\"8.8.8.8\",\"8.8.4.4\"]\n      match:\n        macaddress: \"52:54:00:00:00:01\"\n      set-name: ens3\n\ngrowpart:\n  devices: [/]\n  ignore_growroot_disabled: false \n  mode: auto\n"
          },
          "private": "bnVsbA==",
          "dependencies": [
            "libvirt_pool.vm_pool"
          ]
        },
        {
          "index_key": 1,
          "schema_version": 0,
          "attributes": {
            "id": "/home/ubuntu/kvm-remote-host/kvm/pool1/cloudinit-1.iso;67165689-dea2-9825-38bb-892168f3835a",
            "meta_data": "",
            "name": "cloudinit-1.iso",
            "network_config": "",
            "pool": "pool1",
            "user_data": "#cloud-config\nhostname: slave1\nssh_pwauth: True\ndisable_root: false\nusers:\n  - name: ubuntu\n    sudo: ALL=(ALL) NOPASSWD:ALL\n    groups: users, admin\n    home: /home/ubuntu\n    shell: /bin/bash\n    lock_passwd: false\n    ssh-authorized-keys:\n      - ssh-rsa AAAAB3NzaC1yc2EAAAADAQABAAABgQDiAZBPtrw/NXlGp8TEALX4LY/b8wHEz2+UIG9BVeAwuP7shefNtaD7xN/W+v37bAj3A/8Orl/WmXZ3Nnxe6eJnBcGXXcvS6QKe9PIW4VAZThm5x/C79GIW+GzqJHfds+knsuhRxTb42WwCsdQ497/8PyvAb8E7OvBw3dvVWsCNnmChVReOHyU2KE/zI4JPh9I737GHzk8aFi7vf7so/zMAUwJte2am0xswaLMmtyz4fE/+0+ZmCIEPllEf19rismkj5UN/tCR2rjkMUOsYA+6UzYTK6HUJqAuK4NiQJPunmMTDez7u8eZfaSFOjGzHk0L9/xC7P+TAPVrKNf/F1q5Bjn6MH8cOEmIqXkuStKvWNVkMd7pPoqiMlsBtBiUm4R7CNhOxbHPV81hWnI4s4yprIIAs8Jnx27W9MA9E7HLAzHcZ/QdA42pFEqF2vsTcTq+9cv5SN7yXw1yP/pkW/XXOVQ/O67LUiaJ/LVlzPz/dtZ+RuTWpujpbTBBEIYhY/LM= ubuntu@master\n\n\nnetwork:\n  version: 2\n  ethernets:\n    ens3:\n      dhcp4: false\n      optional: false\n      addresses:\n        - 192.168.122.101\n      gateway4: 192.168.122.1\n      nameservers:\n        addresses: [\"8.8.8.8\",\"8.8.4.4\"]\n      match:\n        macaddress: \"52:54:00:01:01:01\"\n      set-name: ens3\n\ngrowpart:\n  devices: [/]\n  ignore_growroot_disabled: false \n  mode: auto\n"
          },
          "private": "bnVsbA==",
          "dependencies": [
            "libvirt_pool.vm_pool"
          ]
        },
        {
          "index_key": 2,
          "schema_version": 0,
          "attributes": {
            "id": "/home/ubuntu/kvm-remote-host/kvm/pool1/cloudinit-2.iso;67165689-0af5-2cb7-e899-65184e02f2db",
            "meta_data": "",
            "name": "cloudinit-2.iso",
            "network_config": "",
            "pool": "pool1",
            "user_data": "#cloud-config\nhostname: slave2\nssh_pwauth: True\ndisable_root: false\nusers:\n  - name: ubuntu\n    sudo: ALL=(ALL) NOPASSWD:ALL\n    groups: users, admin\n    home: /home/ubuntu\n    shell: /bin/bash\n    lock_passwd: false\n    ssh-authorized-keys:\n      - ssh-rsa AAAAB3NzaC1yc2EAAAADAQABAAABgQDiAZBPtrw/NXlGp8TEALX4LY/b8wHEz2+UIG9BVeAwuP7shefNtaD7xN/W+v37bAj3A/8Orl/WmXZ3Nnxe6eJnBcGXXcvS6QKe9PIW4VAZThm5x/C79GIW+GzqJHfds+knsuhRxTb42WwCsdQ497/8PyvAb8E7OvBw3dvVWsCNnmChVReOHyU2KE/zI4JPh9I737GHzk8aFi7vf7so/zMAUwJte2am0xswaLMmtyz4fE/+0+ZmCIEPllEf19rismkj5UN/tCR2rjkMUOsYA+6UzYTK6HUJqAuK4NiQJPunmMTDez7u8eZfaSFOjGzHk0L9/xC7P+TAPVrKNf/F1q5Bjn6MH8cOEmIqXkuStKvWNVkMd7pPoqiMlsBtBiUm4R7CNhOxbHPV81hWnI4s4yprIIAs8Jnx27W9MA9E7HLAzHcZ/QdA42pFEqF2vsTcTq+9cv5SN7yXw1yP/pkW/XXOVQ/O67LUiaJ/LVlzPz/dtZ+RuTWpujpbTBBEIYhY/LM= ubuntu@master\n\n\nnetwork:\n  version: 2\n  ethernets:\n    ens3:\n      dhcp4: false\n      optional: false\n      addresses:\n        - 192.168.122.102\n      gateway4: 192.168.122.1\n      nameservers:\n        addresses: [\"8.8.8.8\",\"8.8.4.4\"]\n      match:\n        macaddress: \"52:54:00:02:02:01\"\n      set-name: ens3\n\ngrowpart:\n  devices: [/]\n  ignore_growroot_disabled: false \n  mode: auto\n"
          },
          "private": "bnVsbA==",
          "dependencies": [
            "libvirt_pool.vm_pool"
          ]
        }
      ]
    },
    {
      "mode": "managed",
      "type": "libvirt_domain",
      "name": "vm",
      "provider": "provider[\"registry.terraform.io/dmacvicar/libvirt\"]",
      "instances": [
        {
          "index_key": 0,
          "schema_version": 0,
          "attributes": {
            "arch": "x86_64",
            "autostart": false,
            "boot_device": [],
            "cloudinit": "/home/ubuntu/kvm-remote-host/kvm/pool1/cloudinit-0.iso;67165689-30d3-4d48-6c28-edb8269c305e",
            "cmdline": null,
            "console": [
              {
                "source_host": "127.0.0.1",
                "source_path": "",
                "source_service": "0",
                "target_port": "0",
                "target_type": "serial",
                "type": "pty"
              }
            ],
            "coreos_ignition": null,
            "cpu": null,
            "description": "",
            "disk": [
              {
                "block_device": "",
                "file": "",
                "scsi": false,
                "url": "",
                "volume_id": "/home/ubuntu/kvm-remote-host/kvm/pool1/vm-disk-0.qcow2",
                "wwn": ""
              }
            ],
            "emulator": "/usr/bin/qemu-system-x86_64",
            "filesystem": [],
            "firmware": "",
            "fw_cfg_name": "opt/com.coreos/config",
            "graphics": [],
            "id": "e8bd847b-511d-409c-a473-a0c481472741",
            "initrd": "",
            "kernel": "",
            "machine": "ubuntu",
            "memory": 1024,
            "metadata": null,
            "name": "master",
            "network_interface": [
              {
                "addresses": [
                  "192.168.122.100"
                ],
                "bridge": "",
                "hostname": "master",
                "mac": "52:54:00:00:00:01",
                "macvtap": "",
                "network_id": "e59b9516-273b-48d3-8957-e3133e4370aa",
                "network_name": "default",
                "passthrough": "",
                "vepa": "",
                "wait_for_lease": false
              }
            ],
            "nvram": [],
            "qemu_agent": false,
            "running": true,
            "timeouts": null,
            "vcpu": 1,
            "video": [],
            "xml": []
          },
          "private": "eyJlMmJmYjczMC1lY2FhLTExZTYtOGY4OC0zNDM2M2JjN2M0YzAiOnsiY3JlYXRlIjozMDAwMDAwMDAwMDB9fQ==",
          "dependencies": [
            "libvirt_cloudinit_disk.commoninit",
            "libvirt_pool.vm_pool",
            "libvirt_volume.ubuntu_base_image",
            "libvirt_volume.vm_disk"
          ]
        },
        {
          "index_key": 1,
          "schema_version": 0,
          "attributes": {
            "arch": "x86_64",
            "autostart": false,
            "boot_device": [],
            "cloudinit": "/home/ubuntu/kvm-remote-host/kvm/pool1/cloudinit-1.iso;67165689-dea2-9825-38bb-892168f3835a",
            "cmdline": null,
            "console": [
              {
                "source_host": "127.0.0.1",
                "source_path": "",
                "source_service": "0",
                "target_port": "0",
                "target_type": "serial",
                "type": "pty"
              }
            ],
            "coreos_ignition": null,
            "cpu": null,
            "description": "",
            "disk": [
              {
                "block_device": "",
                "file": "",
                "scsi": false,
                "url": "",
                "volume_id": "/home/ubuntu/kvm-remote-host/kvm/pool1/vm-disk-1.qcow2",
                "wwn": ""
              }
            ],
            "emulator": "/usr/bin/qemu-system-x86_64",
            "filesystem": [],
            "firmware": "",
            "fw_cfg_name": "opt/com.coreos/config",
            "graphics": [],
            "id": "f2f7ea21-556f-480f-a6a8-982e89114d88",
            "initrd": "",
            "kernel": "",
            "machine": "ubuntu",
            "memory": 1024,
            "metadata": null,
            "name": "slave1",
            "network_interface": [
              {
                "addresses": [
                  "192.168.122.101"
                ],
                "bridge": "",
                "hostname": "slave1",
                "mac": "52:54:00:01:01:01",
                "macvtap": "",
                "network_id": "e59b9516-273b-48d3-8957-e3133e4370aa",
                "network_name": "default",
                "passthrough": "",
                "vepa": "",
                "wait_for_lease": false
              }
            ],
            "nvram": [],
            "qemu_agent": false,
            "running": true,
            "timeouts": null,
            "vcpu": 1,
            "video": [],
            "xml": []
          },
          "private": "eyJlMmJmYjczMC1lY2FhLTExZTYtOGY4OC0zNDM2M2JjN2M0YzAiOnsiY3JlYXRlIjozMDAwMDAwMDAwMDB9fQ==",
          "dependencies": [
            "libvirt_cloudinit_disk.commoninit",
            "libvirt_pool.vm_pool",
            "libvirt_volume.ubuntu_base_image",
            "libvirt_volume.vm_disk"
          ]
        },
        {
          "index_key": 2,
          "schema_version": 0,
          "attributes": {
            "arch": "x86_64",
            "autostart": false,
            "boot_device": [],
            "cloudinit": "/home/ubuntu/kvm-remote-host/kvm/pool1/cloudinit-2.iso;67165689-0af5-2cb7-e899-65184e02f2db",
            "cmdline": null,
            "console": [
              {
                "source_host": "127.0.0.1",
                "source_path": "",
                "source_service": "0",
                "target_port": "0",
                "target_type": "serial",
                "type": "pty"
              }
            ],
            "coreos_ignition": null,
            "cpu": null,
            "description": "",
            "disk": [
              {
                "block_device": "",
                "file": "",
                "scsi": false,
                "url": "",
                "volume_id": "/home/ubuntu/kvm-remote-host/kvm/pool1/vm-disk-2.qcow2",
                "wwn": ""
              }
            ],
            "emulator": "/usr/bin/qemu-system-x86_64",
            "filesystem": [],
            "firmware": "",
            "fw_cfg_name": "opt/com.coreos/config",
            "graphics": [],
            "id": "18ac6820-9f80-47d7-945a-759850cb2ff6",
            "initrd": "",
            "kernel": "",
            "machine": "ubuntu",
            "memory": 1024,
            "metadata": null,
            "name": "slave2",
            "network_interface": [
              {
                "addresses": [
                  "192.168.122.102"
                ],
                "bridge": "",
                "hostname": "slave2",
                "mac": "52:54:00:02:02:01",
                "macvtap": "",
                "network_id": "e59b9516-273b-48d3-8957-e3133e4370aa",
                "network_name": "default",
                "passthrough": "",
                "vepa": "",
                "wait_for_lease": false
              }
            ],
            "nvram": [],
            "qemu_agent": false,
            "running": true,
            "timeouts": null,
            "vcpu": 1,
            "video": [],
            "xml": []
          },
          "private": "eyJlMmJmYjczMC1lY2FhLTExZTYtOGY4OC0zNDM2M2JjN2M0YzAiOnsiY3JlYXRlIjozMDAwMDAwMDAwMDB9fQ==",
          "dependencies": [
            "libvirt_cloudinit_disk.commoninit",
            "libvirt_pool.vm_pool",
            "libvirt_volume.ubuntu_base_image",
            "libvirt_volume.vm_disk"
          ]
        }
      ]
    },
    {
      "mode": "managed",
      "type": "libvirt_pool",
      "name": "vm_pool",
      "provider": "provider[\"registry.terraform.io/dmacvicar/libvirt\"]",
      "instances": [
        {
          "schema_version": 0,
          "attributes": {
            "allocation": 163113005056,
            "available": null,
            "capacity": 214703620096,
            "id": "97255be2-51c7-4d1b-bb93-66ff71b4ad8a",
            "name": "pool1",
            "path": "/home/ubuntu/kvm-remote-host/kvm/pool1",
            "type": "dir",
            "xml": []
          },
          "private": "bnVsbA=="
        }
      ]
    },
    {
      "mode": "managed",
      "type": "libvirt_volume",
      "name": "ubuntu_base_image",
      "provider": "provider[\"registry.terraform.io/dmacvicar/libvirt\"]",
      "instances": [
        {
          "schema_version": 0,
          "attributes": {
            "base_volume_id": null,
            "base_volume_name": null,
            "base_volume_pool": null,
            "format": "qcow2",
            "id": "/home/ubuntu/kvm-remote-host/kvm/pool1/ubuntu-22.04-server-cloudimg-amd64-disk-kvm.img",
            "name": "ubuntu-22.04-server-cloudimg-amd64-disk-kvm.img",
            "pool": "pool1",
            "size": 2361393152,
            "source": "/home/ubuntu/kvm-remote-host/kvm/images/ubuntu-22.04-server-cloudimg-amd64-disk-kvm.img",
            "xml": []
          },
          "private": "bnVsbA==",
          "dependencies": [
            "libvirt_pool.vm_pool"
          ]
        }
      ]
    },
    {
      "mode": "managed",
      "type": "libvirt_volume",
      "name": "vm_disk",
      "provider": "provider[\"registry.terraform.io/dmacvicar/libvirt\"]",
      "instances": [
        {
          "index_key": 0,
          "schema_version": 0,
          "attributes": {
            "base_volume_id": "/home/ubuntu/kvm-remote-host/kvm/pool1/ubuntu-22.04-server-cloudimg-amd64-disk-kvm.img",
            "base_volume_name": null,
            "base_volume_pool": null,
            "format": "qcow2",
            "id": "/home/ubuntu/kvm-remote-host/kvm/pool1/vm-disk-0.qcow2",
            "name": "vm-disk-0.qcow2",
            "pool": "pool1",
            "size": 21474836480,
            "source": null,
            "xml": []
          },
          "private": "bnVsbA==",
          "dependencies": [
            "libvirt_pool.vm_pool",
            "libvirt_volume.ubuntu_base_image"
          ]
        },
        {
          "index_key": 1,
          "schema_version": 0,
          "attributes": {
            "base_volume_id": "/home/ubuntu/kvm-remote-host/kvm/pool1/ubuntu-22.04-server-cloudimg-amd64-disk-kvm.img",
            "base_volume_name": null,
            "base_volume_pool": null,
            "format": "qcow2",
            "id": "/home/ubuntu/kvm-remote-host/kvm/pool1/vm-disk-1.qcow2",
            "name": "vm-disk-1.qcow2",
            "pool": "pool1",
            "size": 21474836480,
            "source": null,
            "xml": []
          },
          "private": "bnVsbA==",
          "dependencies": [
            "libvirt_pool.vm_pool",
            "libvirt_volume.ubuntu_base_image"
          ]
        },
        {
          "index_key": 2,
          "schema_version": 0,
          "attributes": {
            "base_volume_id": "/home/ubuntu/kvm-remote-host/kvm/pool1/ubuntu-22.04-server-cloudimg-amd64-disk-kvm.img",
            "base_volume_name": null,
            "base_volume_pool": null,
            "format": "qcow2",
            "id": "/home/ubuntu/kvm-remote-host/kvm/pool1/vm-disk-2.qcow2",
            "name": "vm-disk-2.qcow2",
            "pool": "pool1",
            "size": 21474836480,
            "source": null,
            "xml": []
          },
          "private": "bnVsbA==",
          "dependencies": [
            "libvirt_pool.vm_pool",
            "libvirt_volume.ubuntu_base_image"
          ]
        }
      ]
    }
  ]
}
